
Microsoft Visual Studio Solution File, Format Version 12.00
# Visual Studio Version 17
VisualStudioVersion = 17.7.34031.279
MinimumVisualStudioVersion = 10.0.40219.1
Project("{FAE04EC0-301F-11D3-BF4B-00C04F79EFBC}") = "AllureDemo", "AllureDemo\AllureDemo.csproj", "{CBB5F00B-1DAC-408A-BF19-6EFEEBC5260C}"
EndProject
Global
	GlobalSection(SolutionConfigurationPlatforms) = preSolution
		Debug|Any CPU = Debug|Any CPU
		Release|Any CPU = Release|Any CPU
	EndGlobalSection
	GlobalSection(ProjectConfigurationPlatforms) = postSolution
		{CBB5F00B-1DAC-408A-BF19-6EFEEBC5260C}.Debug|Any CPU.ActiveCfg = Debug|Any CPU
		{CBB5F00B-1DAC-408A-BF19-6EFEEBC5260C}.Debug|Any CPU.Build.0 = Debug|Any CPU
		{CBB5F00B-1DAC-408A-BF19-6EFEEBC5260C}.Release|Any CPU.ActiveCfg = Release|Any CPU
		{CBB5F00B-1DAC-408A-BF19-6EFEEBC5260C}.Release|Any CPU.Build.0 = Release|Any CPU
	EndGlobalSection
	GlobalSection(SolutionProperties) = preSolution
		HideSolutionNode = FALSE
	EndGlobalSection
	GlobalSection(ExtensibilityGlobals) = postSolution
		SolutionGuid = {8D2BF82D-AD72-46B8-B1A6-F249C0FC571A}
	EndGlobalSection
EndGlobal
